
Microsoft Visual Studio Solution File, Format Version 12.00
# Visual Studio Version 16
VisualStudioVersion = 16.0.29201.188
MinimumVisualStudioVersion = 10.0.40219.1
Project("{9A19103F-16F7-4668-BE54-9A1E7A4F7556}") = "ReactiveValidation", "src\ReactiveValidation\ReactiveValidation.csproj", "{0280AFF9-F7C2-4B2A-B1E4-20D25CA1C0E4}"
EndProject
Project("{FAE04EC0-301F-11D3-BF4B-00C04F79EFBC}") = "ReactiveValidation.Wpf", "src\ReactiveValidation.Wpf\ReactiveValidation.Wpf.csproj", "{346D5F86-A0AE-4887-B429-2A55331F0208}"
EndProject
Project("{FAE04EC0-301F-11D3-BF4B-00C04F79EFBC}") = "ReactiveValidation.Wpf.Samples", "src\ReactiveValidation.Wpf.Samples\ReactiveValidation.Wpf.Samples.csproj", "{B3D4CA4B-4822-4F86-9337-598D19D0B3A2}"
EndProject
Project("{FAE04EC0-301F-11D3-BF4B-00C04F79EFBC}") = "ReactiveValidation.Tests", "src\ReactiveValidation.Tests\ReactiveValidation.Tests.csproj", "{B863F686-D3DA-4CA5-A71D-3670B2DA5353}"
EndProject
Project("{FAE04EC0-301F-11D3-BF4B-00C04F79EFBC}") = "ReactiveValidation.Avalonia", "src\ReactiveValidation.Avalonia\ReactiveValidation.Avalonia.csproj", "{F7885AB3-3B3E-4191-89A7-4C794D86149C}"
EndProject
Project("{FAE04EC0-301F-11D3-BF4B-00C04F79EFBC}") = "ReactiveValidation.Avalonia.Samples", "src\ReactiveValidation.Avalonia.Samples\ReactiveValidation.Avalonia.Samples.csproj", "{D3EC3B0B-B598-4EB6-A878-1786A88B8618}"
EndProject
Project("{2150E333-8FDC-42A3-9474-1A3956D46DE8}") = "Samples", "Samples", "{E90B205D-329A-459C-A7E6-CA6970678FE7}"
EndProject
Project("{2150E333-8FDC-42A3-9474-1A3956D46DE8}") = "Unit tests", "Unit tests", "{D0F53DA2-2197-4873-A980-6E60BD425B44}"
EndProject
Global
	GlobalSection(SolutionConfigurationPlatforms) = preSolution
		Debug|Any CPU = Debug|Any CPU
		Release|Any CPU = Release|Any CPU
	EndGlobalSection
	GlobalSection(ProjectConfigurationPlatforms) = postSolution
		{0280AFF9-F7C2-4B2A-B1E4-20D25CA1C0E4}.Debug|Any CPU.ActiveCfg = Debug|Any CPU
		{0280AFF9-F7C2-4B2A-B1E4-20D25CA1C0E4}.Debug|Any CPU.Build.0 = Debug|Any CPU
		{0280AFF9-F7C2-4B2A-B1E4-20D25CA1C0E4}.Release|Any CPU.ActiveCfg = Release|Any CPU
		{0280AFF9-F7C2-4B2A-B1E4-20D25CA1C0E4}.Release|Any CPU.Build.0 = Release|Any CPU
		{346D5F86-A0AE-4887-B429-2A55331F0208}.Debug|Any CPU.ActiveCfg = Debug|Any CPU
		{346D5F86-A0AE-4887-B429-2A55331F0208}.Debug|Any CPU.Build.0 = Debug|Any CPU
		{346D5F86-A0AE-4887-B429-2A55331F0208}.Release|Any CPU.ActiveCfg = Release|Any CPU
		{346D5F86-A0AE-4887-B429-2A55331F0208}.Release|Any CPU.Build.0 = Release|Any CPU
		{B3D4CA4B-4822-4F86-9337-598D19D0B3A2}.Debug|Any CPU.ActiveCfg = Debug|Any CPU
		{B3D4CA4B-4822-4F86-9337-598D19D0B3A2}.Debug|Any CPU.Build.0 = Debug|Any CPU
		{B3D4CA4B-4822-4F86-9337-598D19D0B3A2}.Release|Any CPU.ActiveCfg = Release|Any CPU
		{B3D4CA4B-4822-4F86-9337-598D19D0B3A2}.Release|Any CPU.Build.0 = Release|Any CPU
		{B863F686-D3DA-4CA5-A71D-3670B2DA5353}.Debug|Any CPU.ActiveCfg = Debug|Any CPU
		{B863F686-D3DA-4CA5-A71D-3670B2DA5353}.Debug|Any CPU.Build.0 = Debug|Any CPU
		{B863F686-D3DA-4CA5-A71D-3670B2DA5353}.Release|Any CPU.ActiveCfg = Release|Any CPU
		{B863F686-D3DA-4CA5-A71D-3670B2DA5353}.Release|Any CPU.Build.0 = Release|Any CPU
		{F7885AB3-3B3E-4191-89A7-4C794D86149C}.Debug|Any CPU.ActiveCfg = Debug|Any CPU
		{F7885AB3-3B3E-4191-89A7-4C794D86149C}.Debug|Any CPU.Build.0 = Debug|Any CPU
		{F7885AB3-3B3E-4191-89A7-4C794D86149C}.Release|Any CPU.ActiveCfg = Release|Any CPU
		{F7885AB3-3B3E-4191-89A7-4C794D86149C}.Release|Any CPU.Build.0 = Release|Any CPU
		{D3EC3B0B-B598-4EB6-A878-1786A88B8618}.Debug|Any CPU.ActiveCfg = Debug|Any CPU
		{D3EC3B0B-B598-4EB6-A878-1786A88B8618}.Debug|Any CPU.Build.0 = Debug|Any CPU
		{D3EC3B0B-B598-4EB6-A878-1786A88B8618}.Release|Any CPU.ActiveCfg = Release|Any CPU
		{D3EC3B0B-B598-4EB6-A878-1786A88B8618}.Release|Any CPU.Build.0 = Release|Any CPU
	EndGlobalSection
	GlobalSection(SolutionProperties) = preSolution
		HideSolutionNode = FALSE
	EndGlobalSection
	GlobalSection(ExtensibilityGlobals) = postSolution
		SolutionGuid = {3059B21D-3787-44E6-A2FE-A286625EA149}
	EndGlobalSection
	GlobalSection(NestedProjects) = preSolution
		{B3D4CA4B-4822-4F86-9337-598D19D0B3A2} = {E90B205D-329A-459C-A7E6-CA6970678FE7}
		{D3EC3B0B-B598-4EB6-A878-1786A88B8618} = {E90B205D-329A-459C-A7E6-CA6970678FE7}
		{B863F686-D3DA-4CA5-A71D-3670B2DA5353} = {D0F53DA2-2197-4873-A980-6E60BD425B44}
	EndGlobalSection
EndGlobal
